
Microsoft Visual Studio Solution File, Format Version 12.00
# Visual Studio Version 16
VisualStudioVersion = 16.0.31729.503
MinimumVisualStudioVersion = 10.0.40219.1
Project("{9A19103F-16F7-4668-BE54-9A1E7A4F7556}") = "Api-CasadoCodigo", "Api-CasadoCodigo\Api-CasadoCodigo.csproj", "{32220F31-FFAD-485D-9767-50AC1111B1B5}"
EndProject
Project("{FAE04EC0-301F-11D3-BF4B-00C04F79EFBC}") = "TesteAPI", "TesteAPI\TesteAPI.csproj", "{CA80A412-53E1-46AA-AF8D-F3E3B98DB8B0}"
EndProject
Global
	GlobalSection(SolutionConfigurationPlatforms) = preSolution
		Debug|Any CPU = Debug|Any CPU
		Release|Any CPU = Release|Any CPU
	EndGlobalSection
	GlobalSection(ProjectConfigurationPlatforms) = postSolution
		{32220F31-FFAD-485D-9767-50AC1111B1B5}.Debug|Any CPU.ActiveCfg = Debug|Any CPU
		{32220F31-FFAD-485D-9767-50AC1111B1B5}.Debug|Any CPU.Build.0 = Debug|Any CPU
		{32220F31-FFAD-485D-9767-50AC1111B1B5}.Release|Any CPU.ActiveCfg = Release|Any CPU
		{32220F31-FFAD-485D-9767-50AC1111B1B5}.Release|Any CPU.Build.0 = Release|Any CPU
		{CA80A412-53E1-46AA-AF8D-F3E3B98DB8B0}.Debug|Any CPU.ActiveCfg = Debug|Any CPU
		{CA80A412-53E1-46AA-AF8D-F3E3B98DB8B0}.Debug|Any CPU.Build.0 = Debug|Any CPU
		{CA80A412-53E1-46AA-AF8D-F3E3B98DB8B0}.Release|Any CPU.ActiveCfg = Release|Any CPU
		{CA80A412-53E1-46AA-AF8D-F3E3B98DB8B0}.Release|Any CPU.Build.0 = Release|Any CPU
	EndGlobalSection
	GlobalSection(SolutionProperties) = preSolution
		HideSolutionNode = FALSE
	EndGlobalSection
	GlobalSection(ExtensibilityGlobals) = postSolution
		SolutionGuid = {9833A48D-A0D5-4A49-9954-9CE2FD0CB456}
	EndGlobalSection
EndGlobal
